
Microsoft Visual Studio Solution File, Format Version 12.00
# Visual Studio Version 17
VisualStudioVersion = 17.6.33712.159
MinimumVisualStudioVersion = 10.0.40219.1
Project("{FAE04EC0-301F-11D3-BF4B-00C04F79EFBC}") = "SentenceEncoder", "SentenceEncoder.csproj", "{EAA680FB-D97D-44B8-9F33-B2B9558E8842}"
EndProject
Global
	GlobalSection(SolutionConfigurationPlatforms) = preSolution
		Debug|Any CPU = Debug|Any CPU
		Release|Any CPU = Release|Any CPU
	EndGlobalSection
	GlobalSection(ProjectConfigurationPlatforms) = postSolution
		{EAA680FB-D97D-44B8-9F33-B2B9558E8842}.Debug|Any CPU.ActiveCfg = Debug|Any CPU
		{EAA680FB-D97D-44B8-9F33-B2B9558E8842}.Debug|Any CPU.Build.0 = Debug|Any CPU
		{EAA680FB-D97D-44B8-9F33-B2B9558E8842}.Release|Any CPU.ActiveCfg = Release|Any CPU
		{EAA680FB-D97D-44B8-9F33-B2B9558E8842}.Release|Any CPU.Build.0 = Release|Any CPU
	EndGlobalSection
	GlobalSection(SolutionProperties) = preSolution
		HideSolutionNode = FALSE
	EndGlobalSection
	GlobalSection(ExtensibilityGlobals) = postSolution
		SolutionGuid = {787AF41B-64FE-45ED-ACCD-9D0312C564E6}
	EndGlobalSection
EndGlobal
