
Microsoft Visual Studio Solution File, Format Version 12.00
# Visual Studio Version 17
VisualStudioVersion = 17.4.33103.184
MinimumVisualStudioVersion = 10.0.40219.1
Project("{FAE04EC0-301F-11D3-BF4B-00C04F79EFBC}") = "practical1", "practical1\practical1.csproj", "{FA036600-3C2C-422B-934C-455A76E7F1E7}"
EndProject
Global
	GlobalSection(SolutionConfigurationPlatforms) = preSolution
		Debug|Any CPU = Debug|Any CPU
		Release|Any CPU = Release|Any CPU
	EndGlobalSection
	GlobalSection(ProjectConfigurationPlatforms) = postSolution
		{FA036600-3C2C-422B-934C-455A76E7F1E7}.Debug|Any CPU.ActiveCfg = Debug|Any CPU
		{FA036600-3C2C-422B-934C-455A76E7F1E7}.Debug|Any CPU.Build.0 = Debug|Any CPU
		{FA036600-3C2C-422B-934C-455A76E7F1E7}.Release|Any CPU.ActiveCfg = Release|Any CPU
		{FA036600-3C2C-422B-934C-455A76E7F1E7}.Release|Any CPU.Build.0 = Release|Any CPU
	EndGlobalSection
	GlobalSection(SolutionProperties) = preSolution
		HideSolutionNode = FALSE
	EndGlobalSection
	GlobalSection(ExtensibilityGlobals) = postSolution
		SolutionGuid = {3A8C81F1-8188-46E6-992C-E1767F1DBC66}
	EndGlobalSection
EndGlobal
