
Microsoft Visual Studio Solution File, Format Version 12.00
# Visual Studio Version 16
VisualStudioVersion = 16.0.31410.357
MinimumVisualStudioVersion = 10.0.40219.1
Project("{FAE04EC0-301F-11D3-BF4B-00C04F79EFBC}") = "ITE112-E2046342", "ITE112-E2046342\ITE112-E2046342.csproj", "{96B87214-60BD-47C8-8BEF-0E5FBC8C68A9}"
EndProject
Global
	GlobalSection(SolutionConfigurationPlatforms) = preSolution
		Debug|Any CPU = Debug|Any CPU
		Release|Any CPU = Release|Any CPU
	EndGlobalSection
	GlobalSection(ProjectConfigurationPlatforms) = postSolution
		{96B87214-60BD-47C8-8BEF-0E5FBC8C68A9}.Debug|Any CPU.ActiveCfg = Debug|Any CPU
		{96B87214-60BD-47C8-8BEF-0E5FBC8C68A9}.Debug|Any CPU.Build.0 = Debug|Any CPU
		{96B87214-60BD-47C8-8BEF-0E5FBC8C68A9}.Release|Any CPU.ActiveCfg = Release|Any CPU
		{96B87214-60BD-47C8-8BEF-0E5FBC8C68A9}.Release|Any CPU.Build.0 = Release|Any CPU
	EndGlobalSection
	GlobalSection(SolutionProperties) = preSolution
		HideSolutionNode = FALSE
	EndGlobalSection
	GlobalSection(ExtensibilityGlobals) = postSolution
		SolutionGuid = {855417F4-B55A-40E9-A2F5-294D05360040}
	EndGlobalSection
EndGlobal
