
Microsoft Visual Studio Solution File, Format Version 12.00
# Visual Studio Version 17
VisualStudioVersion = 17.4.33103.184
MinimumVisualStudioVersion = 10.0.40219.1
Project("{FAE04EC0-301F-11D3-BF4B-00C04F79EFBC}") = "practical3", "practical3\practical3.csproj", "{A346FE30-E39F-4D11-A7D6-DD4F5DAF94A8}"
EndProject
Global
	GlobalSection(SolutionConfigurationPlatforms) = preSolution
		Debug|Any CPU = Debug|Any CPU
		Release|Any CPU = Release|Any CPU
	EndGlobalSection
	GlobalSection(ProjectConfigurationPlatforms) = postSolution
		{A346FE30-E39F-4D11-A7D6-DD4F5DAF94A8}.Debug|Any CPU.ActiveCfg = Debug|Any CPU
		{A346FE30-E39F-4D11-A7D6-DD4F5DAF94A8}.Debug|Any CPU.Build.0 = Debug|Any CPU
		{A346FE30-E39F-4D11-A7D6-DD4F5DAF94A8}.Release|Any CPU.ActiveCfg = Release|Any CPU
		{A346FE30-E39F-4D11-A7D6-DD4F5DAF94A8}.Release|Any CPU.Build.0 = Release|Any CPU
	EndGlobalSection
	GlobalSection(SolutionProperties) = preSolution
		HideSolutionNode = FALSE
	EndGlobalSection
	GlobalSection(ExtensibilityGlobals) = postSolution
		SolutionGuid = {1506F9A4-3283-4CF3-91A8-6C59DA4E8FBD}
	EndGlobalSection
EndGlobal
