
Microsoft Visual Studio Solution File, Format Version 12.00
# Visual Studio Version 17
VisualStudioVersion = 17.5.33627.172
MinimumVisualStudioVersion = 10.0.40219.1
Project("{FAE04EC0-301F-11D3-BF4B-00C04F79EFBC}") = "Assignment 1", "Assignment 1.csproj", "{E195ECD6-808A-45EE-ABDE-BB8BEF0CFE68}"
EndProject
Global
	GlobalSection(SolutionConfigurationPlatforms) = preSolution
		Debug|Any CPU = Debug|Any CPU
		Release|Any CPU = Release|Any CPU
	EndGlobalSection
	GlobalSection(ProjectConfigurationPlatforms) = postSolution
		{E195ECD6-808A-45EE-ABDE-BB8BEF0CFE68}.Debug|Any CPU.ActiveCfg = Debug|Any CPU
		{E195ECD6-808A-45EE-ABDE-BB8BEF0CFE68}.Debug|Any CPU.Build.0 = Debug|Any CPU
		{E195ECD6-808A-45EE-ABDE-BB8BEF0CFE68}.Release|Any CPU.ActiveCfg = Release|Any CPU
		{E195ECD6-808A-45EE-ABDE-BB8BEF0CFE68}.Release|Any CPU.Build.0 = Release|Any CPU
	EndGlobalSection
	GlobalSection(SolutionProperties) = preSolution
		HideSolutionNode = FALSE
	EndGlobalSection
	GlobalSection(ExtensibilityGlobals) = postSolution
		SolutionGuid = {7EAD5810-8609-44AE-8E3B-1BEE7002C71C}
	EndGlobalSection
EndGlobal
