
Microsoft Visual Studio Solution File, Format Version 12.00
# Visual Studio Version 17
VisualStudioVersion = 17.3.32922.545
MinimumVisualStudioVersion = 10.0.40219.1
Project("{FAE04EC0-301F-11D3-BF4B-00C04F79EFBC}") = "WeeklyPayment", "WeeklyPayment\WeeklyPayment.csproj", "{2A46EAC0-E1AC-464C-904A-0E1FD91F43C3}"
EndProject
Global
	GlobalSection(SolutionConfigurationPlatforms) = preSolution
		Debug|Any CPU = Debug|Any CPU
		Release|Any CPU = Release|Any CPU
	EndGlobalSection
	GlobalSection(ProjectConfigurationPlatforms) = postSolution
		{2A46EAC0-E1AC-464C-904A-0E1FD91F43C3}.Debug|Any CPU.ActiveCfg = Debug|Any CPU
		{2A46EAC0-E1AC-464C-904A-0E1FD91F43C3}.Debug|Any CPU.Build.0 = Debug|Any CPU
		{2A46EAC0-E1AC-464C-904A-0E1FD91F43C3}.Release|Any CPU.ActiveCfg = Release|Any CPU
		{2A46EAC0-E1AC-464C-904A-0E1FD91F43C3}.Release|Any CPU.Build.0 = Release|Any CPU
	EndGlobalSection
	GlobalSection(SolutionProperties) = preSolution
		HideSolutionNode = FALSE
	EndGlobalSection
	GlobalSection(ExtensibilityGlobals) = postSolution
		SolutionGuid = {6A964072-AD8F-47D4-8609-3AEA549D1019}
	EndGlobalSection
EndGlobal
