
Microsoft Visual Studio Solution File, Format Version 12.00
# Visual Studio Version 17
VisualStudioVersion = 17.5.33627.172
MinimumVisualStudioVersion = 10.0.40219.1
Project("{FAE04EC0-301F-11D3-BF4B-00C04F79EFBC}") = "WindowsFormsApp1", "WindowsFormsApp1.csproj", "{84D55EBC-AD3B-478C-9346-897DDD72A6DE}"
EndProject
Global
	GlobalSection(SolutionConfigurationPlatforms) = preSolution
		Debug|Any CPU = Debug|Any CPU
		Release|Any CPU = Release|Any CPU
	EndGlobalSection
	GlobalSection(ProjectConfigurationPlatforms) = postSolution
		{84D55EBC-AD3B-478C-9346-897DDD72A6DE}.Debug|Any CPU.ActiveCfg = Debug|Any CPU
		{84D55EBC-AD3B-478C-9346-897DDD72A6DE}.Debug|Any CPU.Build.0 = Debug|Any CPU
		{84D55EBC-AD3B-478C-9346-897DDD72A6DE}.Release|Any CPU.ActiveCfg = Release|Any CPU
		{84D55EBC-AD3B-478C-9346-897DDD72A6DE}.Release|Any CPU.Build.0 = Release|Any CPU
	EndGlobalSection
	GlobalSection(SolutionProperties) = preSolution
		HideSolutionNode = FALSE
	EndGlobalSection
	GlobalSection(ExtensibilityGlobals) = postSolution
		SolutionGuid = {1DC5D8E2-83B9-4823-A251-2C2B5A31D277}
	EndGlobalSection
EndGlobal
