
Microsoft Visual Studio Solution File, Format Version 12.00
# Visual Studio Version 17
VisualStudioVersion = 17.0.32014.148
MinimumVisualStudioVersion = 10.0.40219.1
Project("{FAE04EC0-301F-11D3-BF4B-00C04F79EFBC}") = "Hello word", "Hello word\Hello word.csproj", "{AB59683D-0B9A-44E2-BBC2-96183C3614A3}"
EndProject
Global
	GlobalSection(SolutionConfigurationPlatforms) = preSolution
		Debug|Any CPU = Debug|Any CPU
		Release|Any CPU = Release|Any CPU
	EndGlobalSection
	GlobalSection(ProjectConfigurationPlatforms) = postSolution
		{AB59683D-0B9A-44E2-BBC2-96183C3614A3}.Debug|Any CPU.ActiveCfg = Debug|Any CPU
		{AB59683D-0B9A-44E2-BBC2-96183C3614A3}.Debug|Any CPU.Build.0 = Debug|Any CPU
		{AB59683D-0B9A-44E2-BBC2-96183C3614A3}.Release|Any CPU.ActiveCfg = Release|Any CPU
		{AB59683D-0B9A-44E2-BBC2-96183C3614A3}.Release|Any CPU.Build.0 = Release|Any CPU
	EndGlobalSection
	GlobalSection(SolutionProperties) = preSolution
		HideSolutionNode = FALSE
	EndGlobalSection
	GlobalSection(ExtensibilityGlobals) = postSolution
		SolutionGuid = {73C5B952-8BCD-4F6C-AD42-54BEB18B0127}
	EndGlobalSection
EndGlobal
