
Microsoft Visual Studio Solution File, Format Version 12.00
# Visual Studio Version 17
VisualStudioVersion = 17.6.33712.159
MinimumVisualStudioVersion = 10.0.40219.1
Project("{FAE04EC0-301F-11D3-BF4B-00C04F79EFBC}") = "Week5_Jump_example1", "Week5_Jump_example1.csproj", "{ADFEEC56-AC86-4DDB-A83C-E933E2D4FF74}"
EndProject
Global
	GlobalSection(SolutionConfigurationPlatforms) = preSolution
		Debug|Any CPU = Debug|Any CPU
		Release|Any CPU = Release|Any CPU
	EndGlobalSection
	GlobalSection(ProjectConfigurationPlatforms) = postSolution
		{ADFEEC56-AC86-4DDB-A83C-E933E2D4FF74}.Debug|Any CPU.ActiveCfg = Debug|Any CPU
		{ADFEEC56-AC86-4DDB-A83C-E933E2D4FF74}.Debug|Any CPU.Build.0 = Debug|Any CPU
		{ADFEEC56-AC86-4DDB-A83C-E933E2D4FF74}.Release|Any CPU.ActiveCfg = Release|Any CPU
		{ADFEEC56-AC86-4DDB-A83C-E933E2D4FF74}.Release|Any CPU.Build.0 = Release|Any CPU
	EndGlobalSection
	GlobalSection(SolutionProperties) = preSolution
		HideSolutionNode = FALSE
	EndGlobalSection
	GlobalSection(ExtensibilityGlobals) = postSolution
		SolutionGuid = {CD68837F-3EF2-4099-B319-E38B5F9B09DB}
	EndGlobalSection
EndGlobal
